
Microsoft Visual Studio Solution File, Format Version 12.00
# Visual Studio 14
VisualStudioVersion = 14.0.25402.0
MinimumVisualStudioVersion = 10.0.40219.1
Project("{FAE04EC0-301F-11D3-BF4B-00C04F79EFBC}") = "Toscana", "Toscana\Toscana.csproj", "{ACAEF8EC-A3E5-4BB4-993F-BEE7FBD0A92A}"
EndProject
Project("{FAE04EC0-301F-11D3-BF4B-00C04F79EFBC}") = "Toscana.Tests", "Toscana.Tests\Toscana.Tests.csproj", "{03D00F9B-97D1-407F-BF73-00AD304E9259}"
EndProject
Project("{2150E333-8FDC-42A3-9474-1A3956D46DE8}") = "Solution Items", "Solution Items", "{6633025E-8A3E-4C29-AFDA-1D80DDBE7F5A}"
	ProjectSection(SolutionItems) = preProject
		.gitignore = .gitignore
		appveyor.yml = appveyor.yml
		README.md = README.md
	EndProjectSection
EndProject
Project("{2150E333-8FDC-42A3-9474-1A3956D46DE8}") = ".nuget", ".nuget", "{F0EA28A6-2D77-41A1-A472-475D0BFEF61D}"
	ProjectSection(SolutionItems) = preProject
		.nuget\NuGet.Config = .nuget\NuGet.Config
		.nuget\NuGet.exe = .nuget\NuGet.exe
		.nuget\NuGet.targets = .nuget\NuGet.targets
	EndProjectSection
EndProject
Project("{FAE04EC0-301F-11D3-BF4B-00C04F79EFBC}") = "Toscana.Docs", "Toscana.Docs\Toscana.Docs.csproj", "{5D82B32F-30A3-48FF-9156-1E4B322F530C}"
EndProject
Global
	GlobalSection(SolutionConfigurationPlatforms) = preSolution
		Debug|Any CPU = Debug|Any CPU
		Debug-AOT|Any CPU = Debug-AOT|Any CPU
		Debug-UnitySubset-v35|Any CPU = Debug-UnitySubset-v35|Any CPU
		Release|Any CPU = Release|Any CPU
		Release-Portable-Signed|Any CPU = Release-Portable-Signed|Any CPU
		Release-Portable-Unsigned|Any CPU = Release-Portable-Unsigned|Any CPU
		Release-Signed|Any CPU = Release-Signed|Any CPU
		Release-UnitySubset-v35|Any CPU = Release-UnitySubset-v35|Any CPU
		Release-Unsigned|Any CPU = Release-Unsigned|Any CPU
	EndGlobalSection
	GlobalSection(ProjectConfigurationPlatforms) = postSolution
		{ACAEF8EC-A3E5-4BB4-993F-BEE7FBD0A92A}.Debug|Any CPU.ActiveCfg = Debug|Any CPU
		{ACAEF8EC-A3E5-4BB4-993F-BEE7FBD0A92A}.Debug|Any CPU.Build.0 = Debug|Any CPU
		{ACAEF8EC-A3E5-4BB4-993F-BEE7FBD0A92A}.Debug-AOT|Any CPU.ActiveCfg = Debug|Any CPU
		{ACAEF8EC-A3E5-4BB4-993F-BEE7FBD0A92A}.Debug-AOT|Any CPU.Build.0 = Debug|Any CPU
		{ACAEF8EC-A3E5-4BB4-993F-BEE7FBD0A92A}.Debug-UnitySubset-v35|Any CPU.ActiveCfg = Debug|Any CPU
		{ACAEF8EC-A3E5-4BB4-993F-BEE7FBD0A92A}.Debug-UnitySubset-v35|Any CPU.Build.0 = Debug|Any CPU
		{ACAEF8EC-A3E5-4BB4-993F-BEE7FBD0A92A}.Release|Any CPU.ActiveCfg = Release|Any CPU
		{ACAEF8EC-A3E5-4BB4-993F-BEE7FBD0A92A}.Release|Any CPU.Build.0 = Release|Any CPU
		{ACAEF8EC-A3E5-4BB4-993F-BEE7FBD0A92A}.Release-Portable-Signed|Any CPU.ActiveCfg = Release|Any CPU
		{ACAEF8EC-A3E5-4BB4-993F-BEE7FBD0A92A}.Release-Portable-Signed|Any CPU.Build.0 = Release|Any CPU
		{ACAEF8EC-A3E5-4BB4-993F-BEE7FBD0A92A}.Release-Portable-Unsigned|Any CPU.ActiveCfg = Release|Any CPU
		{ACAEF8EC-A3E5-4BB4-993F-BEE7FBD0A92A}.Release-Portable-Unsigned|Any CPU.Build.0 = Release|Any CPU
		{ACAEF8EC-A3E5-4BB4-993F-BEE7FBD0A92A}.Release-Signed|Any CPU.ActiveCfg = Release|Any CPU
		{ACAEF8EC-A3E5-4BB4-993F-BEE7FBD0A92A}.Release-Signed|Any CPU.Build.0 = Release|Any CPU
		{ACAEF8EC-A3E5-4BB4-993F-BEE7FBD0A92A}.Release-UnitySubset-v35|Any CPU.ActiveCfg = Release|Any CPU
		{ACAEF8EC-A3E5-4BB4-993F-BEE7FBD0A92A}.Release-UnitySubset-v35|Any CPU.Build.0 = Release|Any CPU
		{ACAEF8EC-A3E5-4BB4-993F-BEE7FBD0A92A}.Release-Unsigned|Any CPU.ActiveCfg = Release|Any CPU
		{ACAEF8EC-A3E5-4BB4-993F-BEE7FBD0A92A}.Release-Unsigned|Any CPU.Build.0 = Release|Any CPU
		{03D00F9B-97D1-407F-BF73-00AD304E9259}.Debug|Any CPU.ActiveCfg = Debug|Any CPU
		{03D00F9B-97D1-407F-BF73-00AD304E9259}.Debug|Any CPU.Build.0 = Debug|Any CPU
		{03D00F9B-97D1-407F-BF73-00AD304E9259}.Debug-AOT|Any CPU.ActiveCfg = Debug|Any CPU
		{03D00F9B-97D1-407F-BF73-00AD304E9259}.Debug-AOT|Any CPU.Build.0 = Debug|Any CPU
		{03D00F9B-97D1-407F-BF73-00AD304E9259}.Debug-UnitySubset-v35|Any CPU.ActiveCfg = Debug|Any CPU
		{03D00F9B-97D1-407F-BF73-00AD304E9259}.Debug-UnitySubset-v35|Any CPU.Build.0 = Debug|Any CPU
		{03D00F9B-97D1-407F-BF73-00AD304E9259}.Release|Any CPU.ActiveCfg = Release|Any CPU
		{03D00F9B-97D1-407F-BF73-00AD304E9259}.Release|Any CPU.Build.0 = Release|Any CPU
		{03D00F9B-97D1-407F-BF73-00AD304E9259}.Release-Portable-Signed|Any CPU.ActiveCfg = Release|Any CPU
		{03D00F9B-97D1-407F-BF73-00AD304E9259}.Release-Portable-Signed|Any CPU.Build.0 = Release|Any CPU
		{03D00F9B-97D1-407F-BF73-00AD304E9259}.Release-Portable-Unsigned|Any CPU.ActiveCfg = Release|Any CPU
		{03D00F9B-97D1-407F-BF73-00AD304E9259}.Release-Portable-Unsigned|Any CPU.Build.0 = Release|Any CPU
		{03D00F9B-97D1-407F-BF73-00AD304E9259}.Release-Signed|Any CPU.ActiveCfg = Release|Any CPU
		{03D00F9B-97D1-407F-BF73-00AD304E9259}.Release-Signed|Any CPU.Build.0 = Release|Any CPU
		{03D00F9B-97D1-407F-BF73-00AD304E9259}.Release-UnitySubset-v35|Any CPU.ActiveCfg = Release|Any CPU
		{03D00F9B-97D1-407F-BF73-00AD304E9259}.Release-UnitySubset-v35|Any CPU.Build.0 = Release|Any CPU
		{03D00F9B-97D1-407F-BF73-00AD304E9259}.Release-Unsigned|Any CPU.ActiveCfg = Release|Any CPU
		{03D00F9B-97D1-407F-BF73-00AD304E9259}.Release-Unsigned|Any CPU.Build.0 = Release|Any CPU
		{5D82B32F-30A3-48FF-9156-1E4B322F530C}.Debug|Any CPU.ActiveCfg = Debug|Any CPU
		{5D82B32F-30A3-48FF-9156-1E4B322F530C}.Debug|Any CPU.Build.0 = Debug|Any CPU
		{5D82B32F-30A3-48FF-9156-1E4B322F530C}.Debug-AOT|Any CPU.ActiveCfg = Debug|Any CPU
		{5D82B32F-30A3-48FF-9156-1E4B322F530C}.Debug-AOT|Any CPU.Build.0 = Debug|Any CPU
		{5D82B32F-30A3-48FF-9156-1E4B322F530C}.Debug-UnitySubset-v35|Any CPU.ActiveCfg = Debug|Any CPU
		{5D82B32F-30A3-48FF-9156-1E4B322F530C}.Debug-UnitySubset-v35|Any CPU.Build.0 = Debug|Any CPU
		{5D82B32F-30A3-48FF-9156-1E4B322F530C}.Release|Any CPU.ActiveCfg = Release|Any CPU
		{5D82B32F-30A3-48FF-9156-1E4B322F530C}.Release|Any CPU.Build.0 = Release|Any CPU
		{5D82B32F-30A3-48FF-9156-1E4B322F530C}.Release-Portable-Signed|Any CPU.ActiveCfg = Release|Any CPU
		{5D82B32F-30A3-48FF-9156-1E4B322F530C}.Release-Portable-Signed|Any CPU.Build.0 = Release|Any CPU
		{5D82B32F-30A3-48FF-9156-1E4B322F530C}.Release-Portable-Unsigned|Any CPU.ActiveCfg = Release|Any CPU
		{5D82B32F-30A3-48FF-9156-1E4B322F530C}.Release-Portable-Unsigned|Any CPU.Build.0 = Release|Any CPU
		{5D82B32F-30A3-48FF-9156-1E4B322F530C}.Release-Signed|Any CPU.ActiveCfg = Release|Any CPU
		{5D82B32F-30A3-48FF-9156-1E4B322F530C}.Release-Signed|Any CPU.Build.0 = Release|Any CPU
		{5D82B32F-30A3-48FF-9156-1E4B322F530C}.Release-UnitySubset-v35|Any CPU.ActiveCfg = Release|Any CPU
		{5D82B32F-30A3-48FF-9156-1E4B322F530C}.Release-UnitySubset-v35|Any CPU.Build.0 = Release|Any CPU
		{5D82B32F-30A3-48FF-9156-1E4B322F530C}.Release-Unsigned|Any CPU.ActiveCfg = Release|Any CPU
		{5D82B32F-30A3-48FF-9156-1E4B322F530C}.Release-Unsigned|Any CPU.Build.0 = Release|Any CPU
	EndGlobalSection
	GlobalSection(SolutionProperties) = preSolution
		HideSolutionNode = FALSE
	EndGlobalSection
EndGlobal
