
Microsoft Visual Studio Solution File, Format Version 12.00
# Visual Studio 2013
VisualStudioVersion = 12.0.40629.0
MinimumVisualStudioVersion = 10.0.40219.1
Project("{FAE04EC0-301F-11D3-BF4B-00C04F79EFBC}") = "Toscana", "Toscana\Toscana.csproj", "{ACAEF8EC-A3E5-4BB4-993F-BEE7FBD0A92A}"
EndProject
Project("{FAE04EC0-301F-11D3-BF4B-00C04F79EFBC}") = "Toscana.Tests", "Toscana.Tests\Toscana.Tests.csproj", "{03D00F9B-97D1-407F-BF73-00AD304E9259}"
EndProject
Global
	GlobalSection(SolutionConfigurationPlatforms) = preSolution
		Debug|Any CPU = Debug|Any CPU
		Release|Any CPU = Release|Any CPU
	EndGlobalSection
	GlobalSection(ProjectConfigurationPlatforms) = postSolution
		{ACAEF8EC-A3E5-4BB4-993F-BEE7FBD0A92A}.Debug|Any CPU.ActiveCfg = Debug|Any CPU
		{ACAEF8EC-A3E5-4BB4-993F-BEE7FBD0A92A}.Debug|Any CPU.Build.0 = Debug|Any CPU
		{ACAEF8EC-A3E5-4BB4-993F-BEE7FBD0A92A}.Release|Any CPU.ActiveCfg = Release|Any CPU
		{ACAEF8EC-A3E5-4BB4-993F-BEE7FBD0A92A}.Release|Any CPU.Build.0 = Release|Any CPU
		{03D00F9B-97D1-407F-BF73-00AD304E9259}.Debug|Any CPU.ActiveCfg = Debug|Any CPU
		{03D00F9B-97D1-407F-BF73-00AD304E9259}.Debug|Any CPU.Build.0 = Debug|Any CPU
		{03D00F9B-97D1-407F-BF73-00AD304E9259}.Release|Any CPU.ActiveCfg = Release|Any CPU
		{03D00F9B-97D1-407F-BF73-00AD304E9259}.Release|Any CPU.Build.0 = Release|Any CPU
	EndGlobalSection
	GlobalSection(SolutionProperties) = preSolution
		HideSolutionNode = FALSE
	EndGlobalSection
EndGlobal
